// !$*UTF8*$!
{
	archiveVersion = 1;
	classes = {
	};
	objectVersion = 46;
	objects = {

/* Begin PBXBuildFile section */
		E44B5F381E609A5E0056B7C7 /* AppDelegate.swift in Sources */ = {isa = PBXBuildFile; fileRef = E44B5F371E609A5E0056B7C7 /* AppDelegate.swift */; };
		E44B5F3A1E609A5E0056B7C7 /* ViewController.swift in Sources */ = {isa = PBXBuildFile; fileRef = E44B5F391E609A5E0056B7C7 /* ViewController.swift */; };
		E44B5F3D1E609A5E0056B7C7 /* Main.storyboard in Resources */ = {isa = PBXBuildFile; fileRef = E44B5F3B1E609A5E0056B7C7 /* Main.storyboard */; };
		E44B5F3F1E609A5F0056B7C7 /* Assets.xcassets in Resources */ = {isa = PBXBuildFile; fileRef = E44B5F3E1E609A5F0056B7C7 /* Assets.xcassets */; };
		E44B5F421E609A5F0056B7C7 /* LaunchScreen.storyboard in Resources */ = {isa = PBXBuildFile; fileRef = E44B5F401E609A5F0056B7C7 /* LaunchScreen.storyboard */; };
		E44B5F4D1E609A5F0056B7C7 /* TipCalculatorTests.swift in Sources */ = {isa = PBXBuildFile; fileRef = E44B5F4C1E609A5F0056B7C7 /* TipCalculatorTests.swift */; };
		E44B5F581E609A5F0056B7C7 /* TipCalculatorUITests.swift in Sources */ = {isa = PBXBuildFile; fileRef = E44B5F571E609A5F0056B7C7 /* TipCalculatorUITests.swift */; };
/* End PBXBuildFile section */

/* Begin PBXContainerItemProxy section */
		E44B5F491E609A5F0056B7C7 /* PBXContainerItemProxy */ = {
			isa = PBXContainerItemProxy;
			containerPortal = E44B5F2C1E609A5E0056B7C7 /* Project object */;
			proxyType = 1;
			remoteGlobalIDString = E44B5F331E609A5E0056B7C7;
			remoteInfo = TipCalculator;
		};
		E44B5F541E609A5F0056B7C7 /* PBXContainerItemProxy */ = {
			isa = PBXContainerItemProxy;
			containerPortal = E44B5F2C1E609A5E0056B7C7 /* Project object */;
			proxyType = 1;
			remoteGlobalIDString = E44B5F331E609A5E0056B7C7;
			remoteInfo = TipCalculator;
		};
/* End PBXContainerItemProxy section */

/* Begin PBXFileReference section */
		E44B5F341E609A5E0056B7C7 /* TipCalculator.app */ = {isa = PBXFileReference; explicitFileType = wrapper.application; includeInIndex = 0; path = TipCalculator.app; sourceTree = BUILT_PRODUCTS_DIR; };
		E44B5F371E609A5E0056B7C7 /* AppDelegate.swift */ = {isa = PBXFileReference; lastKnownFileType = sourcecode.swift; path = AppDelegate.swift; sourceTree = "<group>"; };
		E44B5F391E609A5E0056B7C7 /* ViewController.swift */ = {isa = PBXFileReference; lastKnownFileType = sourcecode.swift; path = ViewController.swift; sourceTree = "<group>"; };
		E44B5F3C1E609A5E0056B7C7 /* Base */ = {isa = PBXFileReference; lastKnownFileType = file.storyboard; name = Base; path = Base.lproj/Main.storyboard; sourceTree = "<group>"; };
		E44B5F3E1E609A5F0056B7C7 /* Assets.xcassets */ = {isa = PBXFileReference; lastKnownFileType = folder.assetcatalog; path = Assets.xcassets; sourceTree = "<group>"; };
		E44B5F411E609A5F0056B7C7 /* Base */ = {isa = PBXFileReference; lastKnownFileType = file.storyboard; name = Base; path = Base.lproj/LaunchScreen.storyboard; sourceTree = "<group>"; };
		E44B5F431E609A5F0056B7C7 /* Info.plist */ = {isa = PBXFileReference; lastKnownFileType = text.plist.xml; path = Info.plist; sourceTree = "<group>"; };
		E44B5F481E609A5F0056B7C7 /* TipCalculatorTests.xctest */ = {isa = PBXFileReference; explicitFileType = wrapper.cfbundle; includeInIndex = 0; path = TipCalculatorTests.xctest; sourceTree = BUILT_PRODUCTS_DIR; };
		E44B5F4C1E609A5F0056B7C7 /* TipCalculatorTests.swift */ = {isa = PBXFileReference; lastKnownFileType = sourcecode.swift; path = TipCalculatorTests.swift; sourceTree = "<group>"; };
		E44B5F4E1E609A5F0056B7C7 /* Info.plist */ = {isa = PBXFileReference; lastKnownFileType = text.plist.xml; path = Info.plist; sourceTree = "<group>"; };
		E44B5F531E609A5F0056B7C7 /* TipCalculatorUITests.xctest */ = {isa = PBXFileReference; explicitFileType = wrapper.cfbundle; includeInIndex = 0; path = TipCalculatorUITests.xctest; sourceTree = BUILT_PRODUCTS_DIR; };
		E44B5F571E609A5F0056B7C7 /* TipCalculatorUITests.swift */ = {isa = PBXFileReference; lastKnownFileType = sourcecode.swift; path = TipCalculatorUITests.swift; sourceTree = "<group>"; };
		E44B5F591E609A5F0056B7C7 /* Info.plist */ = {isa = PBXFileReference; lastKnownFileType = text.plist.xml; path = Info.plist; sourceTree = "<group>"; };
/* End PBXFileReference section */

/* Begin PBXFrameworksBuildPhase section */
		E44B5F311E609A5E0056B7C7 /* Frameworks */ = {
			isa = PBXFrameworksBuildPhase;
			buildActionMask = 2147483647;
			files = (
			);
			runOnlyForDeploymentPostprocessing = 0;
		};
		E44B5F451E609A5F0056B7C7 /* Frameworks */ = {
			isa = PBXFrameworksBuildPhase;
			buildActionMask = 2147483647;
			files = (
			);
			runOnlyForDeploymentPostprocessing = 0;
		};
		E44B5F501E609A5F0056B7C7 /* Frameworks */ = {
			isa = PBXFrameworksBuildPhase;
			buildActionMask = 2147483647;
			files = (
			);
			runOnlyForDeploymentPostprocessing = 0;
		};
/* End PBXFrameworksBuildPhase section */

/* Begin PBXGroup section */
		E44B5F2B1E609A5E0056B7C7 = {
			isa = PBXGroup;
			children = (
				E44B5F361E609A5E0056B7C7 /* TipCalculator */,
				E44B5F4B1E609A5F0056B7C7 /* TipCalculatorTests */,
				E44B5F561E609A5F0056B7C7 /* TipCalculatorUITests */,
				E44B5F351E609A5E0056B7C7 /* Products */,
			);
			sourceTree = "<group>";
		};
		E44B5F351E609A5E0056B7C7 /* Products */ = {
			isa = PBXGroup;
			children = (
				E44B5F341E609A5E0056B7C7 /* TipCalculator.app */,
				E44B5F481E609A5F0056B7C7 /* TipCalculatorTests.xctest */,
				E44B5F531E609A5F0056B7C7 /* TipCalculatorUITests.xctest */,
			);
			name = Products;
			sourceTree = "<group>";
		};
		E44B5F361E609A5E0056B7C7 /* TipCalculator */ = {
			isa = PBXGroup;
			children = (
				E44B5F371E609A5E0056B7C7 /* AppDelegate.swift */,
				E44B5F391E609A5E0056B7C7 /* ViewController.swift */,
				E44B5F3B1E609A5E0056B7C7 /* Main.storyboard */,
				E44B5F3E1E609A5F0056B7C7 /* Assets.xcassets */,
				E44B5F401E609A5F0056B7C7 /* LaunchScreen.storyboard */,
				E44B5F431E609A5F0056B7C7 /* Info.plist */,
			);
			path = TipCalculator;
			sourceTree = "<group>";
		};
		E44B5F4B1E609A5F0056B7C7 /* TipCalculatorTests */ = {
			isa = PBXGroup;
			children = (
				E44B5F4C1E609A5F0056B7C7 /* TipCalculatorTests.swift */,
				E44B5F4E1E609A5F0056B7C7 /* Info.plist */,
			);
			path = TipCalculatorTests;
			sourceTree = "<group>";
		};
		E44B5F561E609A5F0056B7C7 /* TipCalculatorUITests */ = {
			isa = PBXGroup;
			children = (
				E44B5F571E609A5F0056B7C7 /* TipCalculatorUITests.swift */,
				E44B5F591E609A5F0056B7C7 /* Info.plist */,
			);
			path = TipCalculatorUITests;
			sourceTree = "<group>";
		};
/* End PBXGroup section */

/* Begin PBXNativeTarget section */
		E44B5F331E609A5E0056B7C7 /* TipCalculator */ = {
			isa = PBXNativeTarget;
			buildConfigurationList = E44B5F5C1E609A5F0056B7C7 /* Build configuration list for PBXNativeTarget "TipCalculator" */;
			buildPhases = (
				E44B5F301E609A5E0056B7C7 /* Sources */,
				E44B5F311E609A5E0056B7C7 /* Frameworks */,
				E44B5F321E609A5E0056B7C7 /* Resources */,
			);
			buildRules = (
			);
			dependencies = (
			);
			name = TipCalculator;
			productName = TipCalculator;
			productReference = E44B5F341E609A5E0056B7C7 /* TipCalculator.app */;
			productType = "com.apple.product-type.application";
		};
		E44B5F471E609A5F0056B7C7 /* TipCalculatorTests */ = {
			isa = PBXNativeTarget;
			buildConfigurationList = E44B5F5F1E609A5F0056B7C7 /* Build configuration list for PBXNativeTarget "TipCalculatorTests" */;
			buildPhases = (
				E44B5F441E609A5F0056B7C7 /* Sources */,
				E44B5F451E609A5F0056B7C7 /* Frameworks */,
				E44B5F461E609A5F0056B7C7 /* Resources */,
			);
			buildRules = (
			);
			dependencies = (
				E44B5F4A1E609A5F0056B7C7 /* PBXTargetDependency */,
			);
			name = TipCalculatorTests;
			productName = TipCalculatorTests;
			productReference = E44B5F481E609A5F0056B7C7 /* TipCalculatorTests.xctest */;
			productType = "com.apple.product-type.bundle.unit-test";
		};
		E44B5F521E609A5F0056B7C7 /* TipCalculatorUITests */ = {
			isa = PBXNativeTarget;
			buildConfigurationList = E44B5F621E609A5F0056B7C7 /* Build configuration list for PBXNativeTarget "TipCalculatorUITests" */;
			buildPhases = (
				E44B5F4F1E609A5F0056B7C7 /* Sources */,
				E44B5F501E609A5F0056B7C7 /* Frameworks */,
				E44B5F511E609A5F0056B7C7 /* Resources */,
			);
			buildRules = (
			);
			dependencies = (
				E44B5F551E609A5F0056B7C7 /* PBXTargetDependency */,
			);
			name = TipCalculatorUITests;
			productName = TipCalculatorUITests;
			productReference = E44B5F531E609A5F0056B7C7 /* TipCalculatorUITests.xctest */;
			productType = "com.apple.product-type.bundle.ui-testing";
		};
/* End PBXNativeTarget section */

/* Begin PBXProject section */
		E44B5F2C1E609A5E0056B7C7 /* Project object */ = {
			isa = PBXProject;
			attributes = {
				LastSwiftUpdateCheck = 0800;
				LastUpgradeCheck = 0800;
				ORGANIZATIONNAME = "Pari, Nithya";
				TargetAttributes = {
					E44B5F331E609A5E0056B7C7 = {
						CreatedOnToolsVersion = 8.0;
						DevelopmentTeam = 48HK3M9PGT;
						ProvisioningStyle = Automatic;
					};
					E44B5F471E609A5F0056B7C7 = {
						CreatedOnToolsVersion = 8.0;
						ProvisioningStyle = Automatic;
						TestTargetID = E44B5F331E609A5E0056B7C7;
					};
					E44B5F521E609A5F0056B7C7 = {
						CreatedOnToolsVersion = 8.0;
						ProvisioningStyle = Automatic;
						TestTargetID = E44B5F331E609A5E0056B7C7;
					};
				};
			};
			buildConfigurationList = E44B5F2F1E609A5E0056B7C7 /* Build configuration list for PBXProject "TipCalculator" */;
			compatibilityVersion = "Xcode 3.2";
			developmentRegion = English;
			hasScannedForEncodings = 0;
			knownRegions = (
				en,
				Base,
			);
			mainGroup = E44B5F2B1E609A5E0056B7C7;
			productRefGroup = E44B5F351E609A5E0056B7C7 /* Products */;
			projectDirPath = "";
			projectRoot = "";
			targets = (
				E44B5F331E609A5E0056B7C7 /* TipCalculator */,
				E44B5F471E609A5F0056B7C7 /* TipCalculatorTests */,
				E44B5F521E609A5F0056B7C7 /* TipCalculatorUITests */,
			);
		};
/* End PBXProject section */

/* Begin PBXResourcesBuildPhase section */
		E44B5F321E609A5E0056B7C7 /* Resources */ = {
			isa = PBXResourcesBuildPhase;
			buildActionMask = 2147483647;
			files = (
				E44B5F421E609A5F0056B7C7 /* LaunchScreen.storyboard in Resources */,
				E44B5F3F1E609A5F0056B7C7 /* Assets.xcassets in Resources */,
				E44B5F3D1E609A5E0056B7C7 /* Main.storyboard in Resources */,
			);
			runOnlyForDeploymentPostprocessing = 0;
		};
		E44B5F461E609A5F0056B7C7 /* Resources */ = {
			isa = PBXResourcesBuildPhase;
			buildActionMask = 2147483647;
			files = (
			);
			runOnlyForDeploymentPostprocessing = 0;
		};
		E44B5F511E609A5F0056B7C7 /* Resources */ = {
			isa = PBXResourcesBuildPhase;
			buildActionMask = 2147483647;
			files = (
			);
			runOnlyForDeploymentPostprocessing = 0;
		};
/* End PBXResourcesBuildPhase section */

/* Begin PBXSourcesBuildPhase section */
		E44B5F301E609A5E0056B7C7 /* Sources */ = {
			isa = PBXSourcesBuildPhase;
			buildActionMask = 2147483647;
			files = (
				E44B5F3A1E609A5E0056B7C7 /* ViewController.swift in Sources */,
				E44B5F381E609A5E0056B7C7 /* AppDelegate.swift in Sources */,
			);
			runOnlyForDeploymentPostprocessing = 0;
		};
		E44B5F441E609A5F0056B7C7 /* Sources */ = {
			isa = PBXSourcesBuildPhase;
			buildActionMask = 2147483647;
			files = (
				E44B5F4D1E609A5F0056B7C7 /* TipCalculatorTests.swift in Sources */,
			);
			runOnlyForDeploymentPostprocessing = 0;
		};
		E44B5F4F1E609A5F0056B7C7 /* Sources */ = {
			isa = PBXSourcesBuildPhase;
			buildActionMask = 2147483647;
			files = (
				E44B5F581E609A5F0056B7C7 /* TipCalculatorUITests.swift in Sources */,
			);
			runOnlyForDeploymentPostprocessing = 0;
		};
/* End PBXSourcesBuildPhase section */

/* Begin PBXTargetDependency section */
		E44B5F4A1E609A5F0056B7C7 /* PBXTargetDependency */ = {
			isa = PBXTargetDependency;
			target = E44B5F331E609A5E0056B7C7 /* TipCalculator */;
			targetProxy = E44B5F491E609A5F0056B7C7 /* PBXContainerItemProxy */;
		};
		E44B5F551E609A5F0056B7C7 /* PBXTargetDependency */ = {
			isa = PBXTargetDependency;
			target = E44B5F331E609A5E0056B7C7 /* TipCalculator */;
			targetProxy = E44B5F541E609A5F0056B7C7 /* PBXContainerItemProxy */;
		};
/* End PBXTargetDependency section */

/* Begin PBXVariantGroup section */
		E44B5F3B1E609A5E0056B7C7 /* Main.storyboard */ = {
			isa = PBXVariantGroup;
			children = (
				E44B5F3C1E609A5E0056B7C7 /* Base */,
			);
			name = Main.storyboard;
			sourceTree = "<group>";
		};
		E44B5F401E609A5F0056B7C7 /* LaunchScreen.storyboard */ = {
			isa = PBXVariantGroup;
			children = (
				E44B5F411E609A5F0056B7C7 /* Base */,
			);
			name = LaunchScreen.storyboard;
			sourceTree = "<group>";
		};
/* End PBXVariantGroup section */

/* Begin XCBuildConfiguration section */
		E44B5F5A1E609A5F0056B7C7 /* Debug */ = {
			isa = XCBuildConfiguration;
			buildSettings = {
				ALWAYS_SEARCH_USER_PATHS = NO;
				CLANG_ANALYZER_NONNULL = YES;
				CLANG_CXX_LANGUAGE_STANDARD = "gnu++0x";
				CLANG_CXX_LIBRARY = "libc++";
				CLANG_ENABLE_MODULES = YES;
				CLANG_ENABLE_OBJC_ARC = YES;
				CLANG_WARN_BOOL_CONVERSION = YES;
				CLANG_WARN_CONSTANT_CONVERSION = YES;
				CLANG_WARN_DIRECT_OBJC_ISA_USAGE = YES_ERROR;
				CLANG_WARN_DOCUMENTATION_COMMENTS = YES;
				CLANG_WARN_EMPTY_BODY = YES;
				CLANG_WARN_ENUM_CONVERSION = YES;
				CLANG_WARN_INFINITE_RECURSION = YES;
				CLANG_WARN_INT_CONVERSION = YES;
				CLANG_WARN_OBJC_ROOT_CLASS = YES_ERROR;
				CLANG_WARN_SUSPICIOUS_MOVES = YES;
				CLANG_WARN_UNREACHABLE_CODE = YES;
				CLANG_WARN__DUPLICATE_METHOD_MATCH = YES;
				"CODE_SIGN_IDENTITY[sdk=iphoneos*]" = "iPhone Developer";
				COPY_PHASE_STRIP = NO;
				DEBUG_INFORMATION_FORMAT = dwarf;
				ENABLE_STRICT_OBJC_MSGSEND = YES;
				ENABLE_TESTABILITY = YES;
				GCC_C_LANGUAGE_STANDARD = gnu99;
				GCC_DYNAMIC_NO_PIC = NO;
				GCC_NO_COMMON_BLOCKS = YES;
				GCC_OPTIMIZATION_LEVEL = 0;
				GCC_PREPROCESSOR_DEFINITIONS = (
					"DEBUG=1",
					"$(inherited)",
				);
				GCC_WARN_64_TO_32_BIT_CONVERSION = YES;
				GCC_WARN_ABOUT_RETURN_TYPE = YES_ERROR;
				GCC_WARN_UNDECLARED_SELECTOR = YES;
				GCC_WARN_UNINITIALIZED_AUTOS = YES_AGGRESSIVE;
				GCC_WARN_UNUSED_FUNCTION = YES;
				GCC_WARN_UNUSED_VARIABLE = YES;
				IPHONEOS_DEPLOYMENT_TARGET = 10.0;
				MTL_ENABLE_DEBUG_INFO = YES;
				ONLY_ACTIVE_ARCH = YES;
				SDKROOT = iphoneos;
				SWIFT_ACTIVE_COMPILATION_CONDITIONS = DEBUG;
				SWIFT_OPTIMIZATION_LEVEL = "-Onone";
				TARGETED_DEVICE_FAMILY = "1,2";
			};
			name = Debug;
		};
		E44B5F5B1E609A5F0056B7C7 /* Release */ = {
			isa = XCBuildConfiguration;
			buildSettings = {
				ALWAYS_SEARCH_USER_PATHS = NO;
				CLANG_ANALYZER_NONNULL = YES;
				CLANG_CXX_LANGUAGE_STANDARD = "gnu++0x";
				CLANG_CXX_LIBRARY = "libc++";
				CLANG_ENABLE_MODULES = YES;
				CLANG_ENABLE_OBJC_ARC = YES;
				CLANG_WARN_BOOL_CONVERSION = YES;
				CLANG_WARN_CONSTANT_CONVERSION = YES;
				CLANG_WARN_DIRECT_OBJC_ISA_USAGE = YES_ERROR;
				CLANG_WARN_DOCUMENTATION_COMMENTS = YES;
				CLANG_WARN_EMPTY_BODY = YES;
				CLANG_WARN_ENUM_CONVERSION = YES;
				CLANG_WARN_INFINITE_RECURSION = YES;
				CLANG_WARN_INT_CONVERSION = YES;
				CLANG_WARN_OBJC_ROOT_CLASS = YES_ERROR;
				CLANG_WARN_SUSPICIOUS_MOVES = YES;
				CLANG_WARN_UNREACHABLE_CODE = YES;
				CLANG_WARN__DUPLICATE_METHOD_MATCH = YES;
				"CODE_SIGN_IDENTITY[sdk=iphoneos*]" = "iPhone Developer";
				COPY_PHASE_STRIP = NO;
				DEBUG_INFORMATION_FORMAT = "dwarf-with-dsym";
				ENABLE_NS_ASSERTIONS = NO;
				ENABLE_STRICT_OBJC_MSGSEND = YES;
				GCC_C_LANGUAGE_STANDARD = gnu99;
				GCC_NO_COMMON_BLOCKS = YES;
				GCC_WARN_64_TO_32_BIT_CONVERSION = YES;
				GCC_WARN_ABOUT_RETURN_TYPE = YES_ERROR;
				GCC_WARN_UNDECLARED_SELECTOR = YES;
				GCC_WARN_UNINITIALIZED_AUTOS = YES_AGGRESSIVE;
				GCC_WARN_UNUSED_FUNCTION = YES;
				GCC_WARN_UNUSED_VARIABLE = YES;
				IPHONEOS_DEPLOYMENT_TARGET = 10.0;
				MTL_ENABLE_DEBUG_INFO = NO;
				SDKROOT = iphoneos;
				SWIFT_OPTIMIZATION_LEVEL = "-Owholemodule";
				TARGETED_DEVICE_FAMILY = "1,2";
				VALIDATE_PRODUCT = YES;
			};
			name = Release;
		};
		E44B5F5D1E609A5F0056B7C7 /* Debug */ = {
			isa = XCBuildConfiguration;
			buildSettings = {
				ASSETCATALOG_COMPILER_APPICON_NAME = AppIcon;
				DEVELOPMENT_TEAM = 48HK3M9PGT;
				INFOPLIST_FILE = TipCalculator/Info.plist;
				LD_RUNPATH_SEARCH_PATHS = "$(inherited) @executable_path/Frameworks";
				PRODUCT_BUNDLE_IDENTIFIER = nithyapari.TipCalculator;
				PRODUCT_NAME = "$(TARGET_NAME)";
				SWIFT_VERSION = 3.0;
			};
			name = Debug;
		};
		E44B5F5E1E609A5F0056B7C7 /* Release */ = {
			isa = XCBuildConfiguration;
			buildSettings = {
				ASSETCATALOG_COMPILER_APPICON_NAME = AppIcon;
				DEVELOPMENT_TEAM = 48HK3M9PGT;
				INFOPLIST_FILE = TipCalculator/Info.plist;
				LD_RUNPATH_SEARCH_PATHS = "$(inherited) @executable_path/Frameworks";
				PRODUCT_BUNDLE_IDENTIFIER = nithyapari.TipCalculator;
				PRODUCT_NAME = "$(TARGET_NAME)";
				SWIFT_VERSION = 3.0;
			};
			name = Release;
		};
		E44B5F601E609A5F0056B7C7 /* Debug */ = {
			isa = XCBuildConfiguration;
			buildSettings = {
				ALWAYS_EMBED_SWIFT_STANDARD_LIBRARIES = YES;
				BUNDLE_LOADER = "$(TEST_HOST)";
				INFOPLIST_FILE = TipCalculatorTests/Info.plist;
				LD_RUNPATH_SEARCH_PATHS = "$(inherited) @executable_path/Frameworks @loader_path/Frameworks";
				PRODUCT_BUNDLE_IDENTIFIER = nithyapari.TipCalculatorTests;
				PRODUCT_NAME = "$(TARGET_NAME)";
				SWIFT_VERSION = 3.0;
				TEST_HOST = "$(BUILT_PRODUCTS_DIR)/TipCalculator.app/TipCalculator";
			};
			name = Debug;
		};
		E44B5F611E609A5F0056B7C7 /* Release */ = {
			isa = XCBuildConfiguration;
			buildSettings = {
				ALWAYS_EMBED_SWIFT_STANDARD_LIBRARIES = YES;
				BUNDLE_LOADER = "$(TEST_HOST)";
				INFOPLIST_FILE = TipCalculatorTests/Info.plist;
				LD_RUNPATH_SEARCH_PATHS = "$(inherited) @executable_path/Frameworks @loader_path/Frameworks";
				PRODUCT_BUNDLE_IDENTIFIER = nithyapari.TipCalculatorTests;
				PRODUCT_NAME = "$(TARGET_NAME)";
				SWIFT_VERSION = 3.0;
				TEST_HOST = "$(BUILT_PRODUCTS_DIR)/TipCalculator.app/TipCalculator";
			};
			name = Release;
		};
		E44B5F631E609A5F0056B7C7 /* Debug */ = {
			isa = XCBuildConfiguration;
			buildSettings = {
				ALWAYS_EMBED_SWIFT_STANDARD_LIBRARIES = YES;
				INFOPLIST_FILE = TipCalculatorUITests/Info.plist;
				LD_RUNPATH_SEARCH_PATHS = "$(inherited) @executable_path/Frameworks @loader_path/Frameworks";
				PRODUCT_BUNDLE_IDENTIFIER = nithyapari.TipCalculatorUITests;
				PRODUCT_NAME = "$(TARGET_NAME)";
				SWIFT_VERSION = 3.0;
				TEST_TARGET_NAME = TipCalculator;
			};
			name = Debug;
		};
		E44B5F641E609A5F0056B7C7 /* Release */ = {
			isa = XCBuildConfiguration;
			buildSettings = {
				ALWAYS_EMBED_SWIFT_STANDARD_LIBRARIES = YES;
				INFOPLIST_FILE = TipCalculatorUITests/Info.plist;
				LD_RUNPATH_SEARCH_PATHS = "$(inherited) @executable_path/Frameworks @loader_path/Frameworks";
				PRODUCT_BUNDLE_IDENTIFIER = nithyapari.TipCalculatorUITests;
				PRODUCT_NAME = "$(TARGET_NAME)";
				SWIFT_VERSION = 3.0;
				TEST_TARGET_NAME = TipCalculator;
			};
			name = Release;
		};
/* End XCBuildConfiguration section */

/* Begin XCConfigurationList section */
		E44B5F2F1E609A5E0056B7C7 /* Build configuration list for PBXProject "TipCalculator" */ = {
			isa = XCConfigurationList;
			buildConfigurations = (
				E44B5F5A1E609A5F0056B7C7 /* Debug */,
				E44B5F5B1E609A5F0056B7C7 /* Release */,
			);
			defaultConfigurationIsVisible = 0;
			defaultConfigurationName = Release;
		};
		E44B5F5C1E609A5F0056B7C7 /* Build configuration list for PBXNativeTarget "TipCalculator" */ = {
			isa = XCConfigurationList;
			buildConfigurations = (
				E44B5F5D1E609A5F0056B7C7 /* Debug */,
				E44B5F5E1E609A5F0056B7C7 /* Release */,
			);
			defaultConfigurationIsVisible = 0;
		};
		E44B5F5F1E609A5F0056B7C7 /* Build configuration list for PBXNativeTarget "TipCalculatorTests" */ = {
			isa = XCConfigurationList;
			buildConfigurations = (
				E44B5F601E609A5F0056B7C7 /* Debug */,
				E44B5F611E609A5F0056B7C7 /* Release */,
			);
			defaultConfigurationIsVisible = 0;
		};
		E44B5F621E609A5F0056B7C7 /* Build configuration list for PBXNativeTarget "TipCalculatorUITests" */ = {
			isa = XCConfigurationList;
			buildConfigurations = (
				E44B5F631E609A5F0056B7C7 /* Debug */,
				E44B5F641E609A5F0056B7C7 /* Release */,
			);
			defaultConfigurationIsVisible = 0;
		};
/* End XCConfigurationList section */
	};
	rootObject = E44B5F2C1E609A5E0056B7C7 /* Project object */;
}
